// !$*UTF8*$!
{
	archiveVersion = 1;
	classes = {
	};
	objectVersion = 46;
	objects = {

/* Begin PBXBuildFile section */
		1A05852A1A292632009DD3DA /* HoodieTableViewCell.xib in Resources */ = {isa = PBXBuildFile; fileRef = 1A0585291A292632009DD3DA /* HoodieTableViewCell.xib */; };
		1A05852D1A292662009DD3DA /* HoodieTableViewCell.m in Sources */ = {isa = PBXBuildFile; fileRef = 1A05852C1A292662009DD3DA /* HoodieTableViewCell.m */; };
		1A0585311A2A421E009DD3DA /* MapVC.m in Sources */ = {isa = PBXBuildFile; fileRef = 1A0585301A2A421E009DD3DA /* MapVC.m */; };
		1A577F211A08329B00CF56F1 /* main.m in Sources */ = {isa = PBXBuildFile; fileRef = 1A577F201A08329B00CF56F1 /* main.m */; };
		1A577F241A08329B00CF56F1 /* AppDelegate.m in Sources */ = {isa = PBXBuildFile; fileRef = 1A577F231A08329B00CF56F1 /* AppDelegate.m */; };
		1A577F2A1A08329B00CF56F1 /* Main.storyboard in Resources */ = {isa = PBXBuildFile; fileRef = 1A577F281A08329B00CF56F1 /* Main.storyboard */; };
		1A577F2C1A08329B00CF56F1 /* Images.xcassets in Resources */ = {isa = PBXBuildFile; fileRef = 1A577F2B1A08329B00CF56F1 /* Images.xcassets */; };
		1A577F3B1A08329B00CF56F1 /* Flickr_LocalTests.m in Sources */ = {isa = PBXBuildFile; fileRef = 1A577F3A1A08329B00CF56F1 /* Flickr_LocalTests.m */; };
		1A577F471A08331300CF56F1 /* FlickrFetcher.m in Sources */ = {isa = PBXBuildFile; fileRef = 1A577F461A08331300CF56F1 /* FlickrFetcher.m */; };
		1A62A2571A22731200BB2415 /* OptionsTVC.m in Sources */ = {isa = PBXBuildFile; fileRef = 1A62A2561A22731200BB2415 /* OptionsTVC.m */; };
		1A62A25A1A22BB1900BB2415 /* ExclusiveSelectionList.m in Sources */ = {isa = PBXBuildFile; fileRef = 1A62A2591A22BB1900BB2415 /* ExclusiveSelectionList.m */; };
		1A6D5B201A1B805E003C5224 /* MappedContent.m in Sources */ = {isa = PBXBuildFile; fileRef = 1A6D5B1F1A1B805E003C5224 /* MappedContent.m */; };
		1A6D5B221A1B8119003C5224 /* MapKit.framework in Frameworks */ = {isa = PBXBuildFile; fileRef = 1A6D5B211A1B8119003C5224 /* MapKit.framework */; };
		1A6D5B251A1C0550003C5224 /* Fetcher.m in Sources */ = {isa = PBXBuildFile; fileRef = 1A6D5B241A1C0550003C5224 /* Fetcher.m */; };
		1A7DB2481A1058F1009175AE /* HoodieTVC.m in Sources */ = {isa = PBXBuildFile; fileRef = 1A7DB2471A1058F1009175AE /* HoodieTVC.m */; };
		1A8E4B311A1D7E6A0010C452 /* FlickrMappedContent.m in Sources */ = {isa = PBXBuildFile; fileRef = 1A8E4B301A1D7E6A0010C452 /* FlickrMappedContent.m */; };
		1AD800011A1E4820002905CF /* MapVC_old.m in Sources */ = {isa = PBXBuildFile; fileRef = 1AD800001A1E4820002905CF /* MapVC_old.m */; };
		1AD8FFF81A1E2B82002905CF /* HoodieVC.m in Sources */ = {isa = PBXBuildFile; fileRef = 1AD8FFF71A1E2B82002905CF /* HoodieVC.m */; };
/* End PBXBuildFile section */

/* Begin PBXContainerItemProxy section */
		1A577F351A08329B00CF56F1 /* PBXContainerItemProxy */ = {
			isa = PBXContainerItemProxy;
			containerPortal = 1A577F131A08329B00CF56F1 /* Project object */;
			proxyType = 1;
			remoteGlobalIDString = 1A577F1A1A08329B00CF56F1;
			remoteInfo = "Flickr Local";
		};
/* End PBXContainerItemProxy section */

/* Begin PBXFileReference section */
		1A0585291A292632009DD3DA /* HoodieTableViewCell.xib */ = {isa = PBXFileReference; fileEncoding = 4; lastKnownFileType = file.xib; path = HoodieTableViewCell.xib; sourceTree = "<group>"; };
		1A05852B1A292662009DD3DA /* HoodieTableViewCell.h */ = {isa = PBXFileReference; fileEncoding = 4; lastKnownFileType = sourcecode.c.h; path = HoodieTableViewCell.h; sourceTree = "<group>"; };
		1A05852C1A292662009DD3DA /* HoodieTableViewCell.m */ = {isa = PBXFileReference; fileEncoding = 4; lastKnownFileType = sourcecode.c.objc; path = HoodieTableViewCell.m; sourceTree = "<group>"; };
		1A05852F1A2A421E009DD3DA /* MapVC.h */ = {isa = PBXFileReference; fileEncoding = 4; lastKnownFileType = sourcecode.c.h; path = MapVC.h; sourceTree = "<group>"; };
		1A0585301A2A421E009DD3DA /* MapVC.m */ = {isa = PBXFileReference; fileEncoding = 4; lastKnownFileType = sourcecode.c.objc; path = MapVC.m; sourceTree = "<group>"; };
		1A577F1B1A08329B00CF56F1 /* Flickr Local.app */ = {isa = PBXFileReference; explicitFileType = wrapper.application; includeInIndex = 0; path = "Flickr Local.app"; sourceTree = BUILT_PRODUCTS_DIR; };
		1A577F1F1A08329B00CF56F1 /* Info.plist */ = {isa = PBXFileReference; lastKnownFileType = text.plist.xml; path = Info.plist; sourceTree = "<group>"; };
		1A577F201A08329B00CF56F1 /* main.m */ = {isa = PBXFileReference; lastKnownFileType = sourcecode.c.objc; path = main.m; sourceTree = "<group>"; };
		1A577F221A08329B00CF56F1 /* AppDelegate.h */ = {isa = PBXFileReference; lastKnownFileType = sourcecode.c.h; path = AppDelegate.h; sourceTree = "<group>"; };
		1A577F231A08329B00CF56F1 /* AppDelegate.m */ = {isa = PBXFileReference; lastKnownFileType = sourcecode.c.objc; path = AppDelegate.m; sourceTree = "<group>"; };
		1A577F291A08329B00CF56F1 /* Base */ = {isa = PBXFileReference; lastKnownFileType = file.storyboard; name = Base; path = Base.lproj/Main.storyboard; sourceTree = "<group>"; };
		1A577F2B1A08329B00CF56F1 /* Images.xcassets */ = {isa = PBXFileReference; lastKnownFileType = folder.assetcatalog; path = Images.xcassets; sourceTree = "<group>"; };
		1A577F341A08329B00CF56F1 /* Flickr LocalTests.xctest */ = {isa = PBXFileReference; explicitFileType = wrapper.cfbundle; includeInIndex = 0; path = "Flickr LocalTests.xctest"; sourceTree = BUILT_PRODUCTS_DIR; };
		1A577F391A08329B00CF56F1 /* Info.plist */ = {isa = PBXFileReference; lastKnownFileType = text.plist.xml; path = Info.plist; sourceTree = "<group>"; };
		1A577F3A1A08329B00CF56F1 /* Flickr_LocalTests.m */ = {isa = PBXFileReference; lastKnownFileType = sourcecode.c.objc; path = Flickr_LocalTests.m; sourceTree = "<group>"; };
		1A577F441A08331300CF56F1 /* FlickrAPIKey.h */ = {isa = PBXFileReference; fileEncoding = 4; lastKnownFileType = sourcecode.c.h; path = FlickrAPIKey.h; sourceTree = "<group>"; };
		1A577F451A08331300CF56F1 /* FlickrFetcher.h */ = {isa = PBXFileReference; fileEncoding = 4; lastKnownFileType = sourcecode.c.h; path = FlickrFetcher.h; sourceTree = "<group>"; };
		1A577F461A08331300CF56F1 /* FlickrFetcher.m */ = {isa = PBXFileReference; fileEncoding = 4; lastKnownFileType = sourcecode.c.objc; path = FlickrFetcher.m; sourceTree = "<group>"; };
		1A62A2551A22731200BB2415 /* OptionsTVC.h */ = {isa = PBXFileReference; fileEncoding = 4; lastKnownFileType = sourcecode.c.h; path = OptionsTVC.h; sourceTree = "<group>"; };
		1A62A2561A22731200BB2415 /* OptionsTVC.m */ = {isa = PBXFileReference; fileEncoding = 4; lastKnownFileType = sourcecode.c.objc; path = OptionsTVC.m; sourceTree = "<group>"; };
		1A62A2581A22BB1900BB2415 /* ExclusiveSelectionList.h */ = {isa = PBXFileReference; fileEncoding = 4; lastKnownFileType = sourcecode.c.h; path = ExclusiveSelectionList.h; sourceTree = "<group>"; };
		1A62A2591A22BB1900BB2415 /* ExclusiveSelectionList.m */ = {isa = PBXFileReference; fileEncoding = 4; lastKnownFileType = sourcecode.c.objc; path = ExclusiveSelectionList.m; sourceTree = "<group>"; };
		1A6D5B1E1A1B805E003C5224 /* MappedContent.h */ = {isa = PBXFileReference; fileEncoding = 4; lastKnownFileType = sourcecode.c.h; path = MappedContent.h; sourceTree = "<group>"; };
		1A6D5B1F1A1B805E003C5224 /* MappedContent.m */ = {isa = PBXFileReference; fileEncoding = 4; lastKnownFileType = sourcecode.c.objc; path = MappedContent.m; sourceTree = "<group>"; };
		1A6D5B211A1B8119003C5224 /* MapKit.framework */ = {isa = PBXFileReference; lastKnownFileType = wrapper.framework; name = MapKit.framework; path = System/Library/Frameworks/MapKit.framework; sourceTree = SDKROOT; };
		1A6D5B231A1C0550003C5224 /* Fetcher.h */ = {isa = PBXFileReference; fileEncoding = 4; lastKnownFileType = sourcecode.c.h; path = Fetcher.h; sourceTree = "<group>"; };
		1A6D5B241A1C0550003C5224 /* Fetcher.m */ = {isa = PBXFileReference; fileEncoding = 4; lastKnownFileType = sourcecode.c.objc; path = Fetcher.m; sourceTree = "<group>"; };
		1A7DB2461A1058F1009175AE /* HoodieTVC.h */ = {isa = PBXFileReference; fileEncoding = 4; lastKnownFileType = sourcecode.c.h; path = HoodieTVC.h; sourceTree = "<group>"; };
		1A7DB2471A1058F1009175AE /* HoodieTVC.m */ = {isa = PBXFileReference; fileEncoding = 4; lastKnownFileType = sourcecode.c.objc; path = HoodieTVC.m; sourceTree = "<group>"; };
		1A8E4B2F1A1D7E6A0010C452 /* FlickrMappedContent.h */ = {isa = PBXFileReference; fileEncoding = 4; lastKnownFileType = sourcecode.c.h; path = FlickrMappedContent.h; sourceTree = "<group>"; };
		1A8E4B301A1D7E6A0010C452 /* FlickrMappedContent.m */ = {isa = PBXFileReference; fileEncoding = 4; lastKnownFileType = sourcecode.c.objc; path = FlickrMappedContent.m; sourceTree = "<group>"; };
		1AD800001A1E4820002905CF /* MapVC_old.m */ = {isa = PBXFileReference; fileEncoding = 4; lastKnownFileType = sourcecode.c.objc; path = MapVC_old.m; sourceTree = "<group>"; };
		1AD8FFF61A1E2B82002905CF /* HoodieVC.h */ = {isa = PBXFileReference; fileEncoding = 4; lastKnownFileType = sourcecode.c.h; path = HoodieVC.h; sourceTree = "<group>"; };
		1AD8FFF71A1E2B82002905CF /* HoodieVC.m */ = {isa = PBXFileReference; fileEncoding = 4; lastKnownFileType = sourcecode.c.objc; path = HoodieVC.m; sourceTree = "<group>"; };
		1AD8FFFF1A1E4820002905CF /* MapVC_old.h */ = {isa = PBXFileReference; fileEncoding = 4; lastKnownFileType = sourcecode.c.h; path = MapVC_old.h; sourceTree = "<group>"; };
/* End PBXFileReference section */

/* Begin PBXFrameworksBuildPhase section */
		1A577F181A08329B00CF56F1 /* Frameworks */ = {
			isa = PBXFrameworksBuildPhase;
			buildActionMask = 2147483647;
			files = (
				1A6D5B221A1B8119003C5224 /* MapKit.framework in Frameworks */,
			);
			runOnlyForDeploymentPostprocessing = 0;
		};
		1A577F311A08329B00CF56F1 /* Frameworks */ = {
			isa = PBXFrameworksBuildPhase;
			buildActionMask = 2147483647;
			files = (
			);
			runOnlyForDeploymentPostprocessing = 0;
		};
/* End PBXFrameworksBuildPhase section */

/* Begin PBXGroup section */
		1A05852E1A2A41E0009DD3DA /* OLD */ = {
			isa = PBXGroup;
			children = (
				1AD8FFFF1A1E4820002905CF /* MapVC_old.h */,
				1AD800001A1E4820002905CF /* MapVC_old.m */,
			);
			name = OLD;
			sourceTree = "<group>";
		};
		1A577F121A08329B00CF56F1 = {
			isa = PBXGroup;
			children = (
				1A6D5B211A1B8119003C5224 /* MapKit.framework */,
				1A577F1D1A08329B00CF56F1 /* Flickr Local */,
				1A577F371A08329B00CF56F1 /* Flickr LocalTests */,
				1A577F1C1A08329B00CF56F1 /* Products */,
			);
			sourceTree = "<group>";
		};
		1A577F1C1A08329B00CF56F1 /* Products */ = {
			isa = PBXGroup;
			children = (
				1A577F1B1A08329B00CF56F1 /* Flickr Local.app */,
				1A577F341A08329B00CF56F1 /* Flickr LocalTests.xctest */,
			);
			name = Products;
			sourceTree = "<group>";
		};
		1A577F1D1A08329B00CF56F1 /* Flickr Local */ = {
			isa = PBXGroup;
			children = (
				1A0585291A292632009DD3DA /* HoodieTableViewCell.xib */,
				1A05852B1A292662009DD3DA /* HoodieTableViewCell.h */,
				1A05852C1A292662009DD3DA /* HoodieTableViewCell.m */,
				1AD8FFF61A1E2B82002905CF /* HoodieVC.h */,
				1AD8FFF71A1E2B82002905CF /* HoodieVC.m */,
				1A7DB2461A1058F1009175AE /* HoodieTVC.h */,
				1A7DB2471A1058F1009175AE /* HoodieTVC.m */,
				1A6D5B1E1A1B805E003C5224 /* MappedContent.h */,
				1A6D5B1F1A1B805E003C5224 /* MappedContent.m */,
				1A8E4B2F1A1D7E6A0010C452 /* FlickrMappedContent.h */,
				1A8E4B301A1D7E6A0010C452 /* FlickrMappedContent.m */,
				1A6D5B261A1C0985003C5224 /* Fetchers */,
				1A577F221A08329B00CF56F1 /* AppDelegate.h */,
				1A577F231A08329B00CF56F1 /* AppDelegate.m */,
				1A577F281A08329B00CF56F1 /* Main.storyboard */,
				1A05852F1A2A421E009DD3DA /* MapVC.h */,
				1A0585301A2A421E009DD3DA /* MapVC.m */,
				1A62A2551A22731200BB2415 /* OptionsTVC.h */,
				1A62A2561A22731200BB2415 /* OptionsTVC.m */,
				1A62A2581A22BB1900BB2415 /* ExclusiveSelectionList.h */,
				1A62A2591A22BB1900BB2415 /* ExclusiveSelectionList.m */,
				1A577F2B1A08329B00CF56F1 /* Images.xcassets */,
				1A05852E1A2A41E0009DD3DA /* OLD */,
				1A577F1E1A08329B00CF56F1 /* Supporting Files */,
			);
			path = "Flickr Local";
			sourceTree = "<group>";
		};
		1A577F1E1A08329B00CF56F1 /* Supporting Files */ = {
			isa = PBXGroup;
			children = (
				1A577F1F1A08329B00CF56F1 /* Info.plist */,
				1A577F201A08329B00CF56F1 /* main.m */,
			);
			name = "Supporting Files";
			sourceTree = "<group>";
		};
		1A577F371A08329B00CF56F1 /* Flickr LocalTests */ = {
			isa = PBXGroup;
			children = (
				1A577F3A1A08329B00CF56F1 /* Flickr_LocalTests.m */,
				1A577F381A08329B00CF56F1 /* Supporting Files */,
			);
			path = "Flickr LocalTests";
			sourceTree = "<group>";
		};
		1A577F381A08329B00CF56F1 /* Supporting Files */ = {
			isa = PBXGroup;
			children = (
				1A577F391A08329B00CF56F1 /* Info.plist */,
			);
			name = "Supporting Files";
			sourceTree = "<group>";
		};
		1A6D5B261A1C0985003C5224 /* Fetchers */ = {
			isa = PBXGroup;
			children = (
				1A577F441A08331300CF56F1 /* FlickrAPIKey.h */,
				1A577F451A08331300CF56F1 /* FlickrFetcher.h */,
				1A577F461A08331300CF56F1 /* FlickrFetcher.m */,
				1A6D5B231A1C0550003C5224 /* Fetcher.h */,
				1A6D5B241A1C0550003C5224 /* Fetcher.m */,
			);
			name = Fetchers;
			sourceTree = "<group>";
		};
/* End PBXGroup section */

/* Begin PBXNativeTarget section */
		1A577F1A1A08329B00CF56F1 /* Flickr Local */ = {
			isa = PBXNativeTarget;
			buildConfigurationList = 1A577F3E1A08329B00CF56F1 /* Build configuration list for PBXNativeTarget "Flickr Local" */;
			buildPhases = (
				1A577F171A08329B00CF56F1 /* Sources */,
				1A577F181A08329B00CF56F1 /* Frameworks */,
				1A577F191A08329B00CF56F1 /* Resources */,
			);
			buildRules = (
			);
			dependencies = (
			);
			name = "Flickr Local";
			productName = "Flickr Local";
			productReference = 1A577F1B1A08329B00CF56F1 /* Flickr Local.app */;
			productType = "com.apple.product-type.application";
		};
		1A577F331A08329B00CF56F1 /* Flickr LocalTests */ = {
			isa = PBXNativeTarget;
			buildConfigurationList = 1A577F411A08329B00CF56F1 /* Build configuration list for PBXNativeTarget "Flickr LocalTests" */;
			buildPhases = (
				1A577F301A08329B00CF56F1 /* Sources */,
				1A577F311A08329B00CF56F1 /* Frameworks */,
				1A577F321A08329B00CF56F1 /* Resources */,
			);
			buildRules = (
			);
			dependencies = (
				1A577F361A08329B00CF56F1 /* PBXTargetDependency */,
			);
			name = "Flickr LocalTests";
			productName = "Flickr LocalTests";
			productReference = 1A577F341A08329B00CF56F1 /* Flickr LocalTests.xctest */;
			productType = "com.apple.product-type.bundle.unit-test";
		};
/* End PBXNativeTarget section */

/* Begin PBXProject section */
		1A577F131A08329B00CF56F1 /* Project object */ = {
			isa = PBXProject;
			attributes = {
				LastUpgradeCheck = 0610;
				ORGANIZATIONNAME = "Will Smith";
				TargetAttributes = {
					1A577F1A1A08329B00CF56F1 = {
						CreatedOnToolsVersion = 6.1;
					};
					1A577F331A08329B00CF56F1 = {
						CreatedOnToolsVersion = 6.1;
						TestTargetID = 1A577F1A1A08329B00CF56F1;
					};
				};
			};
			buildConfigurationList = 1A577F161A08329B00CF56F1 /* Build configuration list for PBXProject "Flickr Local" */;
			compatibilityVersion = "Xcode 3.2";
			developmentRegion = English;
			hasScannedForEncodings = 0;
			knownRegions = (
				en,
				Base,
			);
			mainGroup = 1A577F121A08329B00CF56F1;
			productRefGroup = 1A577F1C1A08329B00CF56F1 /* Products */;
			projectDirPath = "";
			projectRoot = "";
			targets = (
				1A577F1A1A08329B00CF56F1 /* Flickr Local */,
				1A577F331A08329B00CF56F1 /* Flickr LocalTests */,
			);
		};
/* End PBXProject section */

/* Begin PBXResourcesBuildPhase section */
		1A577F191A08329B00CF56F1 /* Resources */ = {
			isa = PBXResourcesBuildPhase;
			buildActionMask = 2147483647;
			files = (
				1A05852A1A292632009DD3DA /* HoodieTableViewCell.xib in Resources */,
				1A577F2A1A08329B00CF56F1 /* Main.storyboard in Resources */,
				1A577F2C1A08329B00CF56F1 /* Images.xcassets in Resources */,
			);
			runOnlyForDeploymentPostprocessing = 0;
		};
		1A577F321A08329B00CF56F1 /* Resources */ = {
			isa = PBXResourcesBuildPhase;
			buildActionMask = 2147483647;
			files = (
			);
			runOnlyForDeploymentPostprocessing = 0;
		};
/* End PBXResourcesBuildPhase section */

/* Begin PBXSourcesBuildPhase section */
		1A577F171A08329B00CF56F1 /* Sources */ = {
			isa = PBXSourcesBuildPhase;
			buildActionMask = 2147483647;
			files = (
				1A577F241A08329B00CF56F1 /* AppDelegate.m in Sources */,
				1A62A25A1A22BB1900BB2415 /* ExclusiveSelectionList.m in Sources */,
				1A6D5B201A1B805E003C5224 /* MappedContent.m in Sources */,
				1A05852D1A292662009DD3DA /* HoodieTableViewCell.m in Sources */,
				1AD8FFF81A1E2B82002905CF /* HoodieVC.m in Sources */,
				1A577F471A08331300CF56F1 /* FlickrFetcher.m in Sources */,
				1A6D5B251A1C0550003C5224 /* Fetcher.m in Sources */,
				1A62A2571A22731200BB2415 /* OptionsTVC.m in Sources */,
				1A0585311A2A421E009DD3DA /* MapVC.m in Sources */,
				1A8E4B311A1D7E6A0010C452 /* FlickrMappedContent.m in Sources */,
				1A7DB2481A1058F1009175AE /* HoodieTVC.m in Sources */,
				1A577F211A08329B00CF56F1 /* main.m in Sources */,
				1AD800011A1E4820002905CF /* MapVC_old.m in Sources */,
			);
			runOnlyForDeploymentPostprocessing = 0;
		};
		1A577F301A08329B00CF56F1 /* Sources */ = {
			isa = PBXSourcesBuildPhase;
			buildActionMask = 2147483647;
			files = (
				1A577F3B1A08329B00CF56F1 /* Flickr_LocalTests.m in Sources */,
			);
			runOnlyForDeploymentPostprocessing = 0;
		};
/* End PBXSourcesBuildPhase section */

/* Begin PBXTargetDependency section */
		1A577F361A08329B00CF56F1 /* PBXTargetDependency */ = {
			isa = PBXTargetDependency;
			target = 1A577F1A1A08329B00CF56F1 /* Flickr Local */;
			targetProxy = 1A577F351A08329B00CF56F1 /* PBXContainerItemProxy */;
		};
/* End PBXTargetDependency section */

/* Begin PBXVariantGroup section */
		1A577F281A08329B00CF56F1 /* Main.storyboard */ = {
			isa = PBXVariantGroup;
			children = (
				1A577F291A08329B00CF56F1 /* Base */,
			);
			name = Main.storyboard;
			sourceTree = "<group>";
		};
/* End PBXVariantGroup section */

/* Begin XCBuildConfiguration section */
		1A577F3C1A08329B00CF56F1 /* Debug */ = {
			isa = XCBuildConfiguration;
			buildSettings = {
				ALWAYS_SEARCH_USER_PATHS = NO;
				CLANG_CXX_LANGUAGE_STANDARD = "gnu++0x";
				CLANG_CXX_LIBRARY = "libc++";
				CLANG_ENABLE_MODULES = YES;
				CLANG_ENABLE_OBJC_ARC = YES;
				CLANG_WARN_BOOL_CONVERSION = YES;
				CLANG_WARN_CONSTANT_CONVERSION = YES;
				CLANG_WARN_DIRECT_OBJC_ISA_USAGE = YES_ERROR;
				CLANG_WARN_EMPTY_BODY = YES;
				CLANG_WARN_ENUM_CONVERSION = YES;
				CLANG_WARN_INT_CONVERSION = YES;
				CLANG_WARN_OBJC_ROOT_CLASS = YES_ERROR;
				CLANG_WARN_UNREACHABLE_CODE = YES;
				CLANG_WARN__DUPLICATE_METHOD_MATCH = YES;
				"CODE_SIGN_IDENTITY[sdk=iphoneos*]" = "iPhone Developer";
				COPY_PHASE_STRIP = NO;
				ENABLE_STRICT_OBJC_MSGSEND = YES;
				GCC_C_LANGUAGE_STANDARD = gnu99;
				GCC_DYNAMIC_NO_PIC = NO;
				GCC_OPTIMIZATION_LEVEL = 0;
				GCC_PREPROCESSOR_DEFINITIONS = (
					"DEBUG=1",
					"$(inherited)",
				);
				GCC_SYMBOLS_PRIVATE_EXTERN = NO;
				GCC_WARN_64_TO_32_BIT_CONVERSION = YES;
				GCC_WARN_ABOUT_RETURN_TYPE = YES_ERROR;
				GCC_WARN_UNDECLARED_SELECTOR = YES;
				GCC_WARN_UNINITIALIZED_AUTOS = YES_AGGRESSIVE;
				GCC_WARN_UNUSED_FUNCTION = YES;
				GCC_WARN_UNUSED_VARIABLE = YES;
				IPHONEOS_DEPLOYMENT_TARGET = 8.1;
				MTL_ENABLE_DEBUG_INFO = YES;
				ONLY_ACTIVE_ARCH = YES;
				SDKROOT = iphoneos;
				TARGETED_DEVICE_FAMILY = "1,2";
			};
			name = Debug;
		};
		1A577F3D1A08329B00CF56F1 /* Release */ = {
			isa = XCBuildConfiguration;
			buildSettings = {
				ALWAYS_SEARCH_USER_PATHS = NO;
				CLANG_CXX_LANGUAGE_STANDARD = "gnu++0x";
				CLANG_CXX_LIBRARY = "libc++";
				CLANG_ENABLE_MODULES = YES;
				CLANG_ENABLE_OBJC_ARC = YES;
				CLANG_WARN_BOOL_CONVERSION = YES;
				CLANG_WARN_CONSTANT_CONVERSION = YES;
				CLANG_WARN_DIRECT_OBJC_ISA_USAGE = YES_ERROR;
				CLANG_WARN_EMPTY_BODY = YES;
				CLANG_WARN_ENUM_CONVERSION = YES;
				CLANG_WARN_INT_CONVERSION = YES;
				CLANG_WARN_OBJC_ROOT_CLASS = YES_ERROR;
				CLANG_WARN_UNREACHABLE_CODE = YES;
				CLANG_WARN__DUPLICATE_METHOD_MATCH = YES;
				"CODE_SIGN_IDENTITY[sdk=iphoneos*]" = "iPhone Developer";
				COPY_PHASE_STRIP = YES;
				ENABLE_NS_ASSERTIONS = NO;
				ENABLE_STRICT_OBJC_MSGSEND = YES;
				GCC_C_LANGUAGE_STANDARD = gnu99;
				GCC_WARN_64_TO_32_BIT_CONVERSION = YES;
				GCC_WARN_ABOUT_RETURN_TYPE = YES_ERROR;
				GCC_WARN_UNDECLARED_SELECTOR = YES;
				GCC_WARN_UNINITIALIZED_AUTOS = YES_AGGRESSIVE;
				GCC_WARN_UNUSED_FUNCTION = YES;
				GCC_WARN_UNUSED_VARIABLE = YES;
				IPHONEOS_DEPLOYMENT_TARGET = 8.1;
				MTL_ENABLE_DEBUG_INFO = NO;
				SDKROOT = iphoneos;
				TARGETED_DEVICE_FAMILY = "1,2";
				VALIDATE_PRODUCT = YES;
			};
			name = Release;
		};
		1A577F3F1A08329B00CF56F1 /* Debug */ = {
			isa = XCBuildConfiguration;
			buildSettings = {
				ASSETCATALOG_COMPILER_APPICON_NAME = AppIcon;
				INFOPLIST_FILE = "Flickr Local/Info.plist";
				IPHONEOS_DEPLOYMENT_TARGET = 7.0;
				LD_RUNPATH_SEARCH_PATHS = "$(inherited) @executable_path/Frameworks";
				PRODUCT_NAME = "$(TARGET_NAME)";
			};
			name = Debug;
		};
		1A577F401A08329B00CF56F1 /* Release */ = {
			isa = XCBuildConfiguration;
			buildSettings = {
				ASSETCATALOG_COMPILER_APPICON_NAME = AppIcon;
				INFOPLIST_FILE = "Flickr Local/Info.plist";
				IPHONEOS_DEPLOYMENT_TARGET = 7.0;
				LD_RUNPATH_SEARCH_PATHS = "$(inherited) @executable_path/Frameworks";
				PRODUCT_NAME = "$(TARGET_NAME)";
			};
			name = Release;
		};
		1A577F421A08329B00CF56F1 /* Debug */ = {
			isa = XCBuildConfiguration;
			buildSettings = {
				BUNDLE_LOADER = "$(TEST_HOST)";
				FRAMEWORK_SEARCH_PATHS = (
					"$(SDKROOT)/Developer/Library/Frameworks",
					"$(inherited)",
				);
				GCC_PREPROCESSOR_DEFINITIONS = (
					"DEBUG=1",
					"$(inherited)",
				);
				INFOPLIST_FILE = "Flickr LocalTests/Info.plist";
				LD_RUNPATH_SEARCH_PATHS = "$(inherited) @executable_path/Frameworks @loader_path/Frameworks";
				PRODUCT_NAME = "$(TARGET_NAME)";
				TEST_HOST = "$(BUILT_PRODUCTS_DIR)/Flickr Local.app/Flickr Local";
			};
			name = Debug;
		};
		1A577F431A08329B00CF56F1 /* Release */ = {
			isa = XCBuildConfiguration;
			buildSettings = {
				BUNDLE_LOADER = "$(TEST_HOST)";
				FRAMEWORK_SEARCH_PATHS = (
					"$(SDKROOT)/Developer/Library/Frameworks",
					"$(inherited)",
				);
				INFOPLIST_FILE = "Flickr LocalTests/Info.plist";
				LD_RUNPATH_SEARCH_PATHS = "$(inherited) @executable_path/Frameworks @loader_path/Frameworks";
				PRODUCT_NAME = "$(TARGET_NAME)";
				TEST_HOST = "$(BUILT_PRODUCTS_DIR)/Flickr Local.app/Flickr Local";
			};
			name = Release;
		};
/* End XCBuildConfiguration section */

/* Begin XCConfigurationList section */
		1A577F161A08329B00CF56F1 /* Build configuration list for PBXProject "Flickr Local" */ = {
			isa = XCConfigurationList;
			buildConfigurations = (
				1A577F3C1A08329B00CF56F1 /* Debug */,
				1A577F3D1A08329B00CF56F1 /* Release */,
			);
			defaultConfigurationIsVisible = 0;
			defaultConfigurationName = Release;
		};
		1A577F3E1A08329B00CF56F1 /* Build configuration list for PBXNativeTarget "Flickr Local" */ = {
			isa = XCConfigurationList;
			buildConfigurations = (
				1A577F3F1A08329B00CF56F1 /* Debug */,
				1A577F401A08329B00CF56F1 /* Release */,
			);
			defaultConfigurationIsVisible = 0;
			defaultConfigurationName = Release;
		};
		1A577F411A08329B00CF56F1 /* Build configuration list for PBXNativeTarget "Flickr LocalTests" */ = {
			isa = XCConfigurationList;
			buildConfigurations = (
				1A577F421A08329B00CF56F1 /* Debug */,
				1A577F431A08329B00CF56F1 /* Release */,
			);
			defaultConfigurationIsVisible = 0;
			defaultConfigurationName = Release;
		};
/* End XCConfigurationList section */
	};
	rootObject = 1A577F131A08329B00CF56F1 /* Project object */;
}
